
Microsoft Visual Studio Solution File, Format Version 11.00
# Visual Studio 2010
Project("{FAE04EC0-301F-11D3-BF4B-00C04F79EFBC}") = "Nancy.Bootstrappers.Windsor", "Nancy.BootStrappers.Windsor\Nancy.Bootstrappers.Windsor.csproj", "{F4F084BE-E3B3-4BC3-925A-5EB4FC7FA46B}"
EndProject
Project("{FAE04EC0-301F-11D3-BF4B-00C04F79EFBC}") = "Nancy.Bootstrappers.Windsor.Tests", "Nancy.BootStrappers.Windsor.Tests\Nancy.Bootstrappers.Windsor.Tests.csproj", "{C490CBDA-78BA-42BF-98F4-CCA06D09532D}"
EndProject
Project("{FAE04EC0-301F-11D3-BF4B-00C04F79EFBC}") = "Nancy", "..\dependencies\Nancy\src\Nancy\Nancy.csproj", "{34576216-0DCA-4B0F-A0DC-9075E75A676F}"
EndProject
Project("{FAE04EC0-301F-11D3-BF4B-00C04F79EFBC}") = "Nancy.Demo.Bootstrappers.Windsor", "WebDemo\Nancy.Demo.Bootstrappers.Windsor.csproj", "{E3EAC4A4-46BA-4FE6-9A2C-116A2A2CD598}"
EndProject
Project("{FAE04EC0-301F-11D3-BF4B-00C04F79EFBC}") = "Nancy.Hosting.Aspnet", "..\dependencies\Nancy\src\Nancy.Hosting.Aspnet\Nancy.Hosting.Aspnet.csproj", "{15B7F794-0BB2-4B66-AD78-4A951F1209B2}"
EndProject
Global
	GlobalSection(SolutionConfigurationPlatforms) = preSolution
		Debug|Any CPU = Debug|Any CPU
		MonoDebug|Any CPU = MonoDebug|Any CPU
		MonoRelease|Any CPU = MonoRelease|Any CPU
		Release|Any CPU = Release|Any CPU
	EndGlobalSection
	GlobalSection(ProjectConfigurationPlatforms) = postSolution
		{F4F084BE-E3B3-4BC3-925A-5EB4FC7FA46B}.Debug|Any CPU.ActiveCfg = Debug|Any CPU
		{F4F084BE-E3B3-4BC3-925A-5EB4FC7FA46B}.Debug|Any CPU.Build.0 = Debug|Any CPU
		{F4F084BE-E3B3-4BC3-925A-5EB4FC7FA46B}.MonoDebug|Any CPU.ActiveCfg = Debug|Any CPU
		{F4F084BE-E3B3-4BC3-925A-5EB4FC7FA46B}.MonoDebug|Any CPU.Build.0 = Debug|Any CPU
		{F4F084BE-E3B3-4BC3-925A-5EB4FC7FA46B}.MonoRelease|Any CPU.ActiveCfg = Release|Any CPU
		{F4F084BE-E3B3-4BC3-925A-5EB4FC7FA46B}.MonoRelease|Any CPU.Build.0 = Release|Any CPU
		{F4F084BE-E3B3-4BC3-925A-5EB4FC7FA46B}.Release|Any CPU.ActiveCfg = Release|Any CPU
		{F4F084BE-E3B3-4BC3-925A-5EB4FC7FA46B}.Release|Any CPU.Build.0 = Release|Any CPU
		{C490CBDA-78BA-42BF-98F4-CCA06D09532D}.Debug|Any CPU.ActiveCfg = Debug|Any CPU
		{C490CBDA-78BA-42BF-98F4-CCA06D09532D}.Debug|Any CPU.Build.0 = Debug|Any CPU
		{C490CBDA-78BA-42BF-98F4-CCA06D09532D}.MonoDebug|Any CPU.ActiveCfg = Debug|Any CPU
		{C490CBDA-78BA-42BF-98F4-CCA06D09532D}.MonoDebug|Any CPU.Build.0 = Debug|Any CPU
		{C490CBDA-78BA-42BF-98F4-CCA06D09532D}.MonoRelease|Any CPU.ActiveCfg = Release|Any CPU
		{C490CBDA-78BA-42BF-98F4-CCA06D09532D}.MonoRelease|Any CPU.Build.0 = Release|Any CPU
		{C490CBDA-78BA-42BF-98F4-CCA06D09532D}.Release|Any CPU.ActiveCfg = Release|Any CPU
		{C490CBDA-78BA-42BF-98F4-CCA06D09532D}.Release|Any CPU.Build.0 = Release|Any CPU
		{34576216-0DCA-4B0F-A0DC-9075E75A676F}.Debug|Any CPU.ActiveCfg = Debug|Any CPU
		{34576216-0DCA-4B0F-A0DC-9075E75A676F}.Debug|Any CPU.Build.0 = Debug|Any CPU
		{34576216-0DCA-4B0F-A0DC-9075E75A676F}.MonoDebug|Any CPU.ActiveCfg = MonoDebug|Any CPU
		{34576216-0DCA-4B0F-A0DC-9075E75A676F}.MonoDebug|Any CPU.Build.0 = MonoDebug|Any CPU
		{34576216-0DCA-4B0F-A0DC-9075E75A676F}.MonoRelease|Any CPU.ActiveCfg = MonoRelease|Any CPU
		{34576216-0DCA-4B0F-A0DC-9075E75A676F}.MonoRelease|Any CPU.Build.0 = MonoRelease|Any CPU
		{34576216-0DCA-4B0F-A0DC-9075E75A676F}.Release|Any CPU.ActiveCfg = Release|Any CPU
		{34576216-0DCA-4B0F-A0DC-9075E75A676F}.Release|Any CPU.Build.0 = Release|Any CPU
		{E3EAC4A4-46BA-4FE6-9A2C-116A2A2CD598}.Debug|Any CPU.ActiveCfg = Debug|Any CPU
		{E3EAC4A4-46BA-4FE6-9A2C-116A2A2CD598}.Debug|Any CPU.Build.0 = Debug|Any CPU
		{E3EAC4A4-46BA-4FE6-9A2C-116A2A2CD598}.MonoDebug|Any CPU.ActiveCfg = Debug|Any CPU
		{E3EAC4A4-46BA-4FE6-9A2C-116A2A2CD598}.MonoDebug|Any CPU.Build.0 = Debug|Any CPU
		{E3EAC4A4-46BA-4FE6-9A2C-116A2A2CD598}.MonoRelease|Any CPU.ActiveCfg = Release|Any CPU
		{E3EAC4A4-46BA-4FE6-9A2C-116A2A2CD598}.MonoRelease|Any CPU.Build.0 = Release|Any CPU
		{E3EAC4A4-46BA-4FE6-9A2C-116A2A2CD598}.Release|Any CPU.ActiveCfg = Release|Any CPU
		{E3EAC4A4-46BA-4FE6-9A2C-116A2A2CD598}.Release|Any CPU.Build.0 = Release|Any CPU
		{15B7F794-0BB2-4B66-AD78-4A951F1209B2}.Debug|Any CPU.ActiveCfg = Debug|Any CPU
		{15B7F794-0BB2-4B66-AD78-4A951F1209B2}.Debug|Any CPU.Build.0 = Debug|Any CPU
		{15B7F794-0BB2-4B66-AD78-4A951F1209B2}.MonoDebug|Any CPU.ActiveCfg = MonoDebug|Any CPU
		{15B7F794-0BB2-4B66-AD78-4A951F1209B2}.MonoDebug|Any CPU.Build.0 = MonoDebug|Any CPU
		{15B7F794-0BB2-4B66-AD78-4A951F1209B2}.MonoRelease|Any CPU.ActiveCfg = MonoRelease|Any CPU
		{15B7F794-0BB2-4B66-AD78-4A951F1209B2}.MonoRelease|Any CPU.Build.0 = MonoRelease|Any CPU
		{15B7F794-0BB2-4B66-AD78-4A951F1209B2}.Release|Any CPU.ActiveCfg = Release|Any CPU
		{15B7F794-0BB2-4B66-AD78-4A951F1209B2}.Release|Any CPU.Build.0 = Release|Any CPU
	EndGlobalSection
	GlobalSection(SolutionProperties) = preSolution
		HideSolutionNode = FALSE
	EndGlobalSection
EndGlobal
